Microsoft Visual Studio Solution File, Format Version 12.00
# Visual Studio Version 17
VisualStudioVersion = 17.5.2.0
MinimumVisualStudioVersion = 10.0.40219.1
Project("{FAE04EC0-301F-11D3-BF4B-00C04F79EFBC}") = "GithubUserSearchCLI", "GithubUserSearchCLI.csproj", "{0B78F5DF-3C4E-EE47-A4CE-A130B25D6AC6}"
EndProject
Global
	GlobalSection(SolutionConfigurationPlatforms) = preSolution
		Debug|Any CPU = Debug|Any CPU
		Release|Any CPU = Release|Any CPU
	EndGlobalSection
	GlobalSection(ProjectConfigurationPlatforms) = postSolution
		{0B78F5DF-3C4E-EE47-A4CE-A130B25D6AC6}.Debug|Any CPU.ActiveCfg = Debug|Any CPU
		{0B78F5DF-3C4E-EE47-A4CE-A130B25D6AC6}.Debug|Any CPU.Build.0 = Debug|Any CPU
		{0B78F5DF-3C4E-EE47-A4CE-A130B25D6AC6}.Release|Any CPU.ActiveCfg = Release|Any CPU
		{0B78F5DF-3C4E-EE47-A4CE-A130B25D6AC6}.Release|Any CPU.Build.0 = Release|Any CPU
	EndGlobalSection
	GlobalSection(SolutionProperties) = preSolution
		HideSolutionNode = FALSE
	EndGlobalSection
	GlobalSection(ExtensibilityGlobals) = postSolution
		SolutionGuid = {6E13D619-2D6A-45E0-8E7E-E1944D591B67}
	EndGlobalSection
EndGlobal
